// !$*UTF8*$!
{
	archiveVersion = 1;
	classes = {
	};
	objectVersion = 51;
	objects = {

/* Begin PBXBuildFile section */
		818563F8B80A056238DB8EAD /* Pods_WeatherApp.framework in Frameworks */ = {isa = PBXBuildFile; fileRef = 7810501483648E7981ADB082 /* Pods_WeatherApp.framework */; };
		C638516B2396606200F6B539 /* AppDelegate.swift in Sources */ = {isa = PBXBuildFile; fileRef = C638516A2396606200F6B539 /* AppDelegate.swift */; };
		C638516D2396606200F6B539 /* SceneDelegate.swift in Sources */ = {isa = PBXBuildFile; fileRef = C638516C2396606200F6B539 /* SceneDelegate.swift */; };
		C638516F2396606200F6B539 /* ViewController.swift in Sources */ = {isa = PBXBuildFile; fileRef = C638516E2396606200F6B539 /* ViewController.swift */; };
		C63851722396606200F6B539 /* Main.storyboard in Resources */ = {isa = PBXBuildFile; fileRef = C63851702396606200F6B539 /* Main.storyboard */; };
		C63851742396606500F6B539 /* Assets.xcassets in Resources */ = {isa = PBXBuildFile; fileRef = C63851732396606500F6B539 /* Assets.xcassets */; };
		C63851772396606500F6B539 /* LaunchScreen.storyboard in Resources */ = {isa = PBXBuildFile; fileRef = C63851752396606500F6B539 /* LaunchScreen.storyboard */; };
		C6385182239665CC00F6B539 /* Location.swift in Sources */ = {isa = PBXBuildFile; fileRef = C6385181239665CC00F6B539 /* Location.swift */; };
		C63851852396690900F6B539 /* UserData.swift in Sources */ = {isa = PBXBuildFile; fileRef = C63851842396690900F6B539 /* UserData.swift */; };
		C63851872396970600F6B539 /* KFViewController.swift in Sources */ = {isa = PBXBuildFile; fileRef = C63851862396970600F6B539 /* KFViewController.swift */; };
/* End PBXBuildFile section */

/* Begin PBXFileReference section */
		5EB0C9B864A778456510A745 /* Pods-WeatherApp.release.xcconfig */ = {isa = PBXFileReference; includeInIndex = 1; lastKnownFileType = text.xcconfig; name = "Pods-WeatherApp.release.xcconfig"; path = "Target Support Files/Pods-WeatherApp/Pods-WeatherApp.release.xcconfig"; sourceTree = "<group>"; };
		7810501483648E7981ADB082 /* Pods_WeatherApp.framework */ = {isa = PBXFileReference; explicitFileType = wrapper.framework; includeInIndex = 0; path = Pods_WeatherApp.framework; sourceTree = BUILT_PRODUCTS_DIR; };
		958054565EE73802ECDC9A7B /* Pods-WeatherApp.debug.xcconfig */ = {isa = PBXFileReference; includeInIndex = 1; lastKnownFileType = text.xcconfig; name = "Pods-WeatherApp.debug.xcconfig"; path = "Target Support Files/Pods-WeatherApp/Pods-WeatherApp.debug.xcconfig"; sourceTree = "<group>"; };
		C63851672396606200F6B539 /* WeatherApp.app */ = {isa = PBXFileReference; explicitFileType = wrapper.application; includeInIndex = 0; path = WeatherApp.app; sourceTree = BUILT_PRODUCTS_DIR; };
		C638516A2396606200F6B539 /* AppDelegate.swift */ = {isa = PBXFileReference; lastKnownFileType = sourcecode.swift; path = AppDelegate.swift; sourceTree = "<group>"; };
		C638516C2396606200F6B539 /* SceneDelegate.swift */ = {isa = PBXFileReference; lastKnownFileType = sourcecode.swift; path = SceneDelegate.swift; sourceTree = "<group>"; };
		C638516E2396606200F6B539 /* ViewController.swift */ = {isa = PBXFileReference; lastKnownFileType = sourcecode.swift; path = ViewController.swift; sourceTree = "<group>"; };
		C63851712396606200F6B539 /* Base */ = {isa = PBXFileReference; lastKnownFileType = file.storyboard; name = Base; path = Base.lproj/Main.storyboard; sourceTree = "<group>"; };
		C63851732396606500F6B539 /* Assets.xcassets */ = {isa = PBXFileReference; lastKnownFileType = folder.assetcatalog; path = Assets.xcassets; sourceTree = "<group>"; };
		C63851762396606500F6B539 /* Base */ = {isa = PBXFileReference; lastKnownFileType = file.storyboard; name = Base; path = Base.lproj/LaunchScreen.storyboard; sourceTree = "<group>"; };
		C63851782396606500F6B539 /* Info.plist */ = {isa = PBXFileReference; lastKnownFileType = text.plist.xml; path = Info.plist; sourceTree = "<group>"; };
		C6385181239665CC00F6B539 /* Location.swift */ = {isa = PBXFileReference; lastKnownFileType = sourcecode.swift; path = Location.swift; sourceTree = "<group>"; };
		C63851842396690900F6B539 /* UserData.swift */ = {isa = PBXFileReference; lastKnownFileType = sourcecode.swift; path = UserData.swift; sourceTree = "<group>"; };
		C63851862396970600F6B539 /* KFViewController.swift */ = {isa = PBXFileReference; lastKnownFileType = sourcecode.swift; path = KFViewController.swift; sourceTree = "<group>"; };
/* End PBXFileReference section */

/* Begin PBXFrameworksBuildPhase section */
		C63851642396606200F6B539 /* Frameworks */ = {
			isa = PBXFrameworksBuildPhase;
			buildActionMask = 2147483647;
			files = (
				818563F8B80A056238DB8EAD /* Pods_WeatherApp.framework in Frameworks */,
			);
			runOnlyForDeploymentPostprocessing = 0;
		};
/* End PBXFrameworksBuildPhase section */

/* Begin PBXGroup section */
		3C5142E2639BFE4CBBC6D90C /* Pods */ = {
			isa = PBXGroup;
			children = (
				958054565EE73802ECDC9A7B /* Pods-WeatherApp.debug.xcconfig */,
				5EB0C9B864A778456510A745 /* Pods-WeatherApp.release.xcconfig */,
			);
			path = Pods;
			sourceTree = "<group>";
		};
		C638515E2396606200F6B539 = {
			isa = PBXGroup;
			children = (
				C63851692396606200F6B539 /* WeatherApp */,
				C63851682396606200F6B539 /* Products */,
				3C5142E2639BFE4CBBC6D90C /* Pods */,
				EE793B95AD72BACF861BC9D9 /* Frameworks */,
			);
			sourceTree = "<group>";
		};
		C63851682396606200F6B539 /* Products */ = {
			isa = PBXGroup;
			children = (
				C63851672396606200F6B539 /* WeatherApp.app */,
			);
			name = Products;
			sourceTree = "<group>";
		};
		C63851692396606200F6B539 /* WeatherApp */ = {
			isa = PBXGroup;
			children = (
				C63851832396684D00F6B539 /* Service */,
				C63851802396636200F6B539 /* Controller */,
				C638517F2396635500F6B539 /* Model */,
				C638517E2396635000F6B539 /* View */,
				C638516A2396606200F6B539 /* AppDelegate.swift */,
				C638516C2396606200F6B539 /* SceneDelegate.swift */,
				C63851732396606500F6B539 /* Assets.xcassets */,
				C63851782396606500F6B539 /* Info.plist */,
			);
			path = WeatherApp;
			sourceTree = "<group>";
		};
		C638517E2396635000F6B539 /* View */ = {
			isa = PBXGroup;
			children = (
				C63851752396606500F6B539 /* LaunchScreen.storyboard */,
				C63851702396606200F6B539 /* Main.storyboard */,
			);
			path = View;
			sourceTree = "<group>";
		};
		C638517F2396635500F6B539 /* Model */ = {
			isa = PBXGroup;
			children = (
				C6385181239665CC00F6B539 /* Location.swift */,
			);
			path = Model;
			sourceTree = "<group>";
		};
		C63851802396636200F6B539 /* Controller */ = {
			isa = PBXGroup;
			children = (
				C638516E2396606200F6B539 /* ViewController.swift */,
				C63851862396970600F6B539 /* KFViewController.swift */,
			);
			path = Controller;
			sourceTree = "<group>";
		};
		C63851832396684D00F6B539 /* Service */ = {
			isa = PBXGroup;
			children = (
				C63851842396690900F6B539 /* UserData.swift */,
			);
			path = Service;
			sourceTree = "<group>";
		};
		EE793B95AD72BACF861BC9D9 /* Frameworks */ = {
			isa = PBXGroup;
			children = (
				7810501483648E7981ADB082 /* Pods_WeatherApp.framework */,
			);
			name = Frameworks;
			sourceTree = "<group>";
		};
/* End PBXGroup section */

/* Begin PBXNativeTarget section */
		C63851662396606200F6B539 /* WeatherApp */ = {
			isa = PBXNativeTarget;
			buildConfigurationList = C638517B2396606500F6B539 /* Build configuration list for PBXNativeTarget "WeatherApp" */;
			buildPhases = (
				236D86D8C15332E0965DC51A /* [CP] Check Pods Manifest.lock */,
				C63851632396606200F6B539 /* Sources */,
				C63851642396606200F6B539 /* Frameworks */,
				C63851652396606200F6B539 /* Resources */,
				A232F66B96732B7A7245726F /* [CP] Embed Pods Frameworks */,
			);
			buildRules = (
			);
			dependencies = (
			);
			name = WeatherApp;
			productName = WeatherApp;
			productReference = C63851672396606200F6B539 /* WeatherApp.app */;
			productType = "com.apple.product-type.application";
		};
/* End PBXNativeTarget section */

/* Begin PBXProject section */
		C638515F2396606200F6B539 /* Project object */ = {
			isa = PBXProject;
			attributes = {
				LastSwiftUpdateCheck = 1120;
				LastUpgradeCheck = 1120;
				ORGANIZATIONNAME = "Kevin FORTES";
				TargetAttributes = {
					C63851662396606200F6B539 = {
						CreatedOnToolsVersion = 11.2.1;
					};
				};
			};
			buildConfigurationList = C63851622396606200F6B539 /* Build configuration list for PBXProject "WeatherApp" */;
			compatibilityVersion = "Xcode 9.3";
			developmentRegion = en;
			hasScannedForEncodings = 0;
			knownRegions = (
				en,
				Base,
			);
			mainGroup = C638515E2396606200F6B539;
			productRefGroup = C63851682396606200F6B539 /* Products */;
			projectDirPath = "";
			projectRoot = "";
			targets = (
				C63851662396606200F6B539 /* WeatherApp */,
			);
		};
/* End PBXProject section */

/* Begin PBXResourcesBuildPhase section */
		C63851652396606200F6B539 /* Resources */ = {
			isa = PBXResourcesBuildPhase;
			buildActionMask = 2147483647;
			files = (
				C63851772396606500F6B539 /* LaunchScreen.storyboard in Resources */,
				C63851742396606500F6B539 /* Assets.xcassets in Resources */,
				C63851722396606200F6B539 /* Main.storyboard in Resources */,
			);
			runOnlyForDeploymentPostprocessing = 0;
		};
/* End PBXResourcesBuildPhase section */

/* Begin PBXShellScriptBuildPhase section */
		236D86D8C15332E0965DC51A /* [CP] Check Pods Manifest.lock */ = {
			isa = PBXShellScriptBuildPhase;
			buildActionMask = 2147483647;
			files = (
			);
			inputFileListPaths = (
			);
			inputPaths = (
				"${PODS_PODFILE_DIR_PATH}/Podfile.lock",
				"${PODS_ROOT}/Manifest.lock",
			);
			name = "[CP] Check Pods Manifest.lock";
			outputFileListPaths = (
			);
			outputPaths = (
				"$(DERIVED_FILE_DIR)/Pods-WeatherApp-checkManifestLockResult.txt",
			);
			runOnlyForDeploymentPostprocessing = 0;
			shellPath = /bin/sh;
			shellScript = "diff \"${PODS_PODFILE_DIR_PATH}/Podfile.lock\" \"${PODS_ROOT}/Manifest.lock\" > /dev/null\nif [ $? != 0 ] ; then\n    # print error to STDERR\n    echo \"error: The sandbox is not in sync with the Podfile.lock. Run 'pod install' or update your CocoaPods installation.\" >&2\n    exit 1\nfi\n# This output is used by Xcode 'outputs' to avoid re-running this script phase.\necho \"SUCCESS\" > \"${SCRIPT_OUTPUT_FILE_0}\"\n";
			showEnvVarsInLog = 0;
		};
		A232F66B96732B7A7245726F /* [CP] Embed Pods Frameworks */ = {
			isa = PBXShellScriptBuildPhase;
			buildActionMask = 2147483647;
			files = (
			);
			inputFileListPaths = (
				"${PODS_ROOT}/Target Support Files/Pods-WeatherApp/Pods-WeatherApp-frameworks-${CONFIGURATION}-input-files.xcfilelist",
			);
			name = "[CP] Embed Pods Frameworks";
			outputFileListPaths = (
				"${PODS_ROOT}/Target Support Files/Pods-WeatherApp/Pods-WeatherApp-frameworks-${CONFIGURATION}-output-files.xcfilelist",
			);
			runOnlyForDeploymentPostprocessing = 0;
			shellPath = /bin/sh;
			shellScript = "\"${PODS_ROOT}/Target Support Files/Pods-WeatherApp/Pods-WeatherApp-frameworks.sh\"\n";
			showEnvVarsInLog = 0;
		};
/* End PBXShellScriptBuildPhase section */

/* Begin PBXSourcesBuildPhase section */
		C63851632396606200F6B539 /* Sources */ = {
			isa = PBXSourcesBuildPhase;
			buildActionMask = 2147483647;
			files = (
				C638516F2396606200F6B539 /* ViewController.swift in Sources */,
				C63851872396970600F6B539 /* KFViewController.swift in Sources */,
				C638516B2396606200F6B539 /* AppDelegate.swift in Sources */,
				C6385182239665CC00F6B539 /* Location.swift in Sources */,
				C63851852396690900F6B539 /* UserData.swift in Sources */,
				C638516D2396606200F6B539 /* SceneDelegate.swift in Sources */,
			);
			runOnlyForDeploymentPostprocessing = 0;
		};
/* End PBXSourcesBuildPhase section */

/* Begin PBXVariantGroup section */
		C63851702396606200F6B539 /* Main.storyboard */ = {
			isa = PBXVariantGroup;
			children = (
				C63851712396606200F6B539 /* Base */,
			);
			name = Main.storyboard;
			sourceTree = "<group>";
		};
		C63851752396606500F6B539 /* LaunchScreen.storyboard */ = {
			isa = PBXVariantGroup;
			children = (
				C63851762396606500F6B539 /* Base */,
			);
			name = LaunchScreen.storyboard;
			sourceTree = "<group>";
		};
/* End PBXVariantGroup section */

/* Begin XCBuildConfiguration section */
		C63851792396606500F6B539 /* Debug */ = {
			isa = XCBuildConfiguration;
			buildSettings = {
				ALWAYS_SEARCH_USER_PATHS = NO;
				CLANG_ANALYZER_NONNULL = YES;
				CLANG_ANALYZER_NUMBER_OBJECT_CONVERSION = YES_AGGRESSIVE;
				CLANG_CXX_LANGUAGE_STANDARD = "gnu++14";
				CLANG_CXX_LIBRARY = "libc++";
				CLANG_ENABLE_MODULES = YES;
				CLANG_ENABLE_OBJC_ARC = YES;
				CLANG_ENABLE_OBJC_WEAK = YES;
				CLANG_WARN_BLOCK_CAPTURE_AUTORELEASING = YES;
				CLANG_WARN_BOOL_CONVERSION = YES;
				CLANG_WARN_COMMA = YES;
				CLANG_WARN_CONSTANT_CONVERSION = YES;
				CLANG_WARN_DEPRECATED_OBJC_IMPLEMENTATIONS = YES;
				CLANG_WARN_DIRECT_OBJC_ISA_USAGE = YES_ERROR;
				CLANG_WARN_DOCUMENTATION_COMMENTS = YES;
				CLANG_WARN_EMPTY_BODY = YES;
				CLANG_WARN_ENUM_CONVERSION = YES;
				CLANG_WARN_INFINITE_RECURSION = YES;
				CLANG_WARN_INT_CONVERSION = YES;
				CLANG_WARN_NON_LITERAL_NULL_CONVERSION = YES;
				CLANG_WARN_OBJC_IMPLICIT_RETAIN_SELF = YES;
				CLANG_WARN_OBJC_LITERAL_CONVERSION = YES;
				CLANG_WARN_OBJC_ROOT_CLASS = YES_ERROR;
				CLANG_WARN_RANGE_LOOP_ANALYSIS = YES;
				CLANG_WARN_STRICT_PROTOTYPES = YES;
				CLANG_WARN_SUSPICIOUS_MOVE = YES;
				CLANG_WARN_UNGUARDED_AVAILABILITY = YES_AGGRESSIVE;
				CLANG_WARN_UNREACHABLE_CODE = YES;
				CLANG_WARN__DUPLICATE_METHOD_MATCH = YES;
				COPY_PHASE_STRIP = NO;
				DEBUG_INFORMATION_FORMAT = dwarf;
				ENABLE_STRICT_OBJC_MSGSEND = YES;
				ENABLE_TESTABILITY = YES;
				GCC_C_LANGUAGE_STANDARD = gnu11;
				GCC_DYNAMIC_NO_PIC = NO;
				GCC_NO_COMMON_BLOCKS = YES;
				GCC_OPTIMIZATION_LEVEL = 0;
				GCC_PREPROCESSOR_DEFINITIONS = (
					"DEBUG=1",
					"$(inherited)",
				);
				GCC_WARN_64_TO_32_BIT_CONVERSION = YES;
				GCC_WARN_ABOUT_RETURN_TYPE = YES_ERROR;
				GCC_WARN_UNDECLARED_SELECTOR = YES;
				GCC_WARN_UNINITIALIZED_AUTOS = YES_AGGRESSIVE;
				GCC_WARN_UNUSED_FUNCTION = YES;
				GCC_WARN_UNUSED_VARIABLE = YES;
				IPHONEOS_DEPLOYMENT_TARGET = 13.2;
				MTL_ENABLE_DEBUG_INFO = INCLUDE_SOURCE;
				MTL_FAST_MATH = YES;
				ONLY_ACTIVE_ARCH = YES;
				SDKROOT = iphoneos;
				SWIFT_ACTIVE_COMPILATION_CONDITIONS = DEBUG;
				SWIFT_OPTIMIZATION_LEVEL = "-Onone";
			};
			name = Debug;
		};
		C638517A2396606500F6B539 /* Release */ = {
			isa = XCBuildConfiguration;
			buildSettings = {
				ALWAYS_SEARCH_USER_PATHS = NO;
				CLANG_ANALYZER_NONNULL = YES;
				CLANG_ANALYZER_NUMBER_OBJECT_CONVERSION = YES_AGGRESSIVE;
				CLANG_CXX_LANGUAGE_STANDARD = "gnu++14";
				CLANG_CXX_LIBRARY = "libc++";
				CLANG_ENABLE_MODULES = YES;
				CLANG_ENABLE_OBJC_ARC = YES;
				CLANG_ENABLE_OBJC_WEAK = YES;
				CLANG_WARN_BLOCK_CAPTURE_AUTORELEASING = YES;
				CLANG_WARN_BOOL_CONVERSION = YES;
				CLANG_WARN_COMMA = YES;
				CLANG_WARN_CONSTANT_CONVERSION = YES;
				CLANG_WARN_DEPRECATED_OBJC_IMPLEMENTATIONS = YES;
				CLANG_WARN_DIRECT_OBJC_ISA_USAGE = YES_ERROR;
				CLANG_WARN_DOCUMENTATION_COMMENTS = YES;
				CLANG_WARN_EMPTY_BODY = YES;
				CLANG_WARN_ENUM_CONVERSION = YES;
				CLANG_WARN_INFINITE_RECURSION = YES;
				CLANG_WARN_INT_CONVERSION = YES;
				CLANG_WARN_NON_LITERAL_NULL_CONVERSION = YES;
				CLANG_WARN_OBJC_IMPLICIT_RETAIN_SELF = YES;
				CLANG_WARN_OBJC_LITERAL_CONVERSION = YES;
				CLANG_WARN_OBJC_ROOT_CLASS = YES_ERROR;
				CLANG_WARN_RANGE_LOOP_ANALYSIS = YES;
				CLANG_WARN_STRICT_PROTOTYPES = YES;
				CLANG_WARN_SUSPICIOUS_MOVE = YES;
				CLANG_WARN_UNGUARDED_AVAILABILITY = YES_AGGRESSIVE;
				CLANG_WARN_UNREACHABLE_CODE = YES;
				CLANG_WARN__DUPLICATE_METHOD_MATCH = YES;
				COPY_PHASE_STRIP = NO;
				DEBUG_INFORMATION_FORMAT = "dwarf-with-dsym";
				ENABLE_NS_ASSERTIONS = NO;
				ENABLE_STRICT_OBJC_MSGSEND = YES;
				GCC_C_LANGUAGE_STANDARD = gnu11;
				GCC_NO_COMMON_BLOCKS = YES;
				GCC_WARN_64_TO_32_BIT_CONVERSION = YES;
				GCC_WARN_ABOUT_RETURN_TYPE = YES_ERROR;
				GCC_WARN_UNDECLARED_SELECTOR = YES;
				GCC_WARN_UNINITIALIZED_AUTOS = YES_AGGRESSIVE;
				GCC_WARN_UNUSED_FUNCTION = YES;
				GCC_WARN_UNUSED_VARIABLE = YES;
				IPHONEOS_DEPLOYMENT_TARGET = 13.2;
				MTL_ENABLE_DEBUG_INFO = NO;
				MTL_FAST_MATH = YES;
				SDKROOT = iphoneos;
				SWIFT_COMPILATION_MODE = wholemodule;
				SWIFT_OPTIMIZATION_LEVEL = "-O";
				VALIDATE_PRODUCT = YES;
			};
			name = Release;
		};
		C638517C2396606500F6B539 /* Debug */ = {
			isa = XCBuildConfiguration;
			baseConfigurationReference = 958054565EE73802ECDC9A7B /* Pods-WeatherApp.debug.xcconfig */;
			buildSettings = {
				ASSETCATALOG_COMPILER_APPICON_NAME = AppIcon;
				CODE_SIGN_STYLE = Automatic;
				DEVELOPMENT_TEAM = 6AWA6Z9596;
				INFOPLIST_FILE = WeatherApp/Info.plist;
				IPHONEOS_DEPLOYMENT_TARGET = 13.0;
				LD_RUNPATH_SEARCH_PATHS = (
					"$(inherited)",
					"@executable_path/Frameworks",
				);
				PRODUCT_BUNDLE_IDENTIFIER = com.kevin..WeatherApp;
				PRODUCT_NAME = "$(TARGET_NAME)";
				SWIFT_VERSION = 5.0;
				TARGETED_DEVICE_FAMILY = "1,2";
			};
			name = Debug;
		};
		C638517D2396606500F6B539 /* Release */ = {
			isa = XCBuildConfiguration;
			baseConfigurationReference = 5EB0C9B864A778456510A745 /* Pods-WeatherApp.release.xcconfig */;
			buildSettings = {
				ASSETCATALOG_COMPILER_APPICON_NAME = AppIcon;
				CODE_SIGN_STYLE = Automatic;
				DEVELOPMENT_TEAM = 6AWA6Z9596;
				INFOPLIST_FILE = WeatherApp/Info.plist;
				IPHONEOS_DEPLOYMENT_TARGET = 13.0;
				LD_RUNPATH_SEARCH_PATHS = (
					"$(inherited)",
					"@executable_path/Frameworks",
				);
				PRODUCT_BUNDLE_IDENTIFIER = com.kevin..WeatherApp;
				PRODUCT_NAME = "$(TARGET_NAME)";
				SWIFT_VERSION = 5.0;
				TARGETED_DEVICE_FAMILY = "1,2";
			};
			name = Release;
		};
/* End XCBuildConfiguration section */

/* Begin XCConfigurationList section */
		C63851622396606200F6B539 /* Build configuration list for PBXProject "WeatherApp" */ = {
			isa = XCConfigurationList;
			buildConfigurations = (
				C63851792396606500F6B539 /* Debug */,
				C638517A2396606500F6B539 /* Release */,
			);
			defaultConfigurationIsVisible = 0;
			defaultConfigurationName = Release;
		};
		C638517B2396606500F6B539 /* Build configuration list for PBXNativeTarget "WeatherApp" */ = {
			isa = XCConfigurationList;
			buildConfigurations = (
				C638517C2396606500F6B539 /* Debug */,
				C638517D2396606500F6B539 /* Release */,
			);
			defaultConfigurationIsVisible = 0;
			defaultConfigurationName = Release;
		};
/* End XCConfigurationList section */
	};
	rootObject = C638515F2396606200F6B539 /* Project object */;
}
